
Microsoft Visual Studio Solution File, Format Version 12.00
# Visual Studio Version 17
VisualStudioVersion = 17.3.32922.545
MinimumVisualStudioVersion = 10.0.40219.1
Project("{FAE04EC0-301F-11D3-BF4B-00C04F79EFBC}") = "MudBlazorDialogIssue", "MudBlazorDialogIssue\MudBlazorDialogIssue.csproj", "{309F9428-5776-48AA-97EC-C24C872E76FD}"
EndProject
Global
	GlobalSection(SolutionConfigurationPlatforms) = preSolution
		Debug|Any CPU = Debug|Any CPU
		Release|Any CPU = Release|Any CPU
	EndGlobalSection
	GlobalSection(ProjectConfigurationPlatforms) = postSolution
		{309F9428-5776-48AA-97EC-C24C872E76FD}.Debug|Any CPU.ActiveCfg = Debug|Any CPU
		{309F9428-5776-48AA-97EC-C24C872E76FD}.Debug|Any CPU.Build.0 = Debug|Any CPU
		{309F9428-5776-48AA-97EC-C24C872E76FD}.Release|Any CPU.ActiveCfg = Release|Any CPU
		{309F9428-5776-48AA-97EC-C24C872E76FD}.Release|Any CPU.Build.0 = Release|Any CPU
	EndGlobalSection
	GlobalSection(SolutionProperties) = preSolution
		HideSolutionNode = FALSE
	EndGlobalSection
	GlobalSection(ExtensibilityGlobals) = postSolution
		SolutionGuid = {972C2430-23C0-4469-B0D2-BD554E8FEE9B}
	EndGlobalSection
EndGlobal
